PODS:
  - DZNEmptyDataSet (1.8.1)
  - Hero (1.6.1)
  - lottie-ios (3.3.0)

DEPENDENCIES:
  - DZNEmptyDataSet
  - Hero
  - lottie-ios

SPEC REPOS:
  trunk:
    - DZNEmptyDataSet
    - Hero
    - lottie-ios

SPEC CHECKSUMS:
  DZNEmptyDataSet: 9525833b9e68ac21c30253e1d3d7076cc828eaa7
  Hero: 215865ba3ae41dd9bb08cd6c60a645529c6fc94b
  lottie-ios: 6ac74dcc09904798f59b18cb3075c089d76be9ae

PODFILE CHECKSUM: ac4b08779c0f05a0a96b6e512c47c8c85c19ef3a

COCOAPODS: 1.11.2
